
Microsoft Visual Studio Solution File, Format Version 12.00
# Visual Studio 15
VisualStudioVersion = 15.0.28307.852
MinimumVisualStudioVersion = 10.0.40219.1
Project("{9A19103F-16F7-4668-BE54-9A1E7A4F7556}") = "Singleton", "Singleton\Singleton.csproj", "{37960C76-FCF6-408E-B169-53EF8A07BEEE}"
EndProject
Project("{9A19103F-16F7-4668-BE54-9A1E7A4F7556}") = "FactoryMethod", "FactoryMethod\FactoryMethod.csproj", "{9245CAF0-1E5F-4D3C-A259-15BB2ACDBCDB}"
EndProject
Project("{9A19103F-16F7-4668-BE54-9A1E7A4F7556}") = "Facade", "Facade\Facade.csproj", "{1EF4E8FD-52B5-4A48-B3A4-EE878CB60B97}"
EndProject
Project("{9A19103F-16F7-4668-BE54-9A1E7A4F7556}") = "Adapter", "Adapter\Adapter.csproj", "{41F85FD5-40CA-43C6-A2E9-790B1FDFD198}"
EndProject
Project("{9A19103F-16F7-4668-BE54-9A1E7A4F7556}") = "Composite", "Composite\Composite.csproj", "{60CAB438-CC04-4209-8B28-D305799C0E43}"
EndProject
Project("{9A19103F-16F7-4668-BE54-9A1E7A4F7556}") = "Proxy", "Proxy\Proxy.csproj", "{503CA49C-8462-4FD7-94E5-A75AC968EC6A}"
EndProject
Project("{9A19103F-16F7-4668-BE54-9A1E7A4F7556}") = "Decorator", "Decorator\Decorator.csproj", "{20EAC43D-0CFD-418A-BD83-B7CB07D97724}"
EndProject
Project("{9A19103F-16F7-4668-BE54-9A1E7A4F7556}") = "TemplateMethod", "TemplateMethod\TemplateMethod.csproj", "{6188CDFC-8C40-4DE4-8789-C5F724FB66B0}"
EndProject
Project("{9A19103F-16F7-4668-BE54-9A1E7A4F7556}") = "ChainOfResponsibilty", "ChainOfResponsibilty\ChainOfResponsibilty.csproj", "{2A58DFBD-0ABB-4772-9540-FF48B95B6DA6}"
EndProject
Project("{FAE04EC0-301F-11D3-BF4B-00C04F79EFBC}") = "State", "State\State.csproj", "{845ADB5A-812E-477F-AF06-15BCCA12372E}"
EndProject
Global
	GlobalSection(SolutionConfigurationPlatforms) = preSolution
		Debug|Any CPU = Debug|Any CPU
		Release|Any CPU = Release|Any CPU
	EndGlobalSection
	GlobalSection(ProjectConfigurationPlatforms) = postSolution
		{37960C76-FCF6-408E-B169-53EF8A07BEEE}.Debug|Any CPU.ActiveCfg = Debug|Any CPU
		{37960C76-FCF6-408E-B169-53EF8A07BEEE}.Debug|Any CPU.Build.0 = Debug|Any CPU
		{37960C76-FCF6-408E-B169-53EF8A07BEEE}.Release|Any CPU.ActiveCfg = Release|Any CPU
		{37960C76-FCF6-408E-B169-53EF8A07BEEE}.Release|Any CPU.Build.0 = Release|Any CPU
		{9245CAF0-1E5F-4D3C-A259-15BB2ACDBCDB}.Debug|Any CPU.ActiveCfg = Debug|Any CPU
		{9245CAF0-1E5F-4D3C-A259-15BB2ACDBCDB}.Debug|Any CPU.Build.0 = Debug|Any CPU
		{9245CAF0-1E5F-4D3C-A259-15BB2ACDBCDB}.Release|Any CPU.ActiveCfg = Release|Any CPU
		{9245CAF0-1E5F-4D3C-A259-15BB2ACDBCDB}.Release|Any CPU.Build.0 = Release|Any CPU
		{1EF4E8FD-52B5-4A48-B3A4-EE878CB60B97}.Debug|Any CPU.ActiveCfg = Debug|Any CPU
		{1EF4E8FD-52B5-4A48-B3A4-EE878CB60B97}.Debug|Any CPU.Build.0 = Debug|Any CPU
		{1EF4E8FD-52B5-4A48-B3A4-EE878CB60B97}.Release|Any CPU.ActiveCfg = Release|Any CPU
		{1EF4E8FD-52B5-4A48-B3A4-EE878CB60B97}.Release|Any CPU.Build.0 = Release|Any CPU
		{41F85FD5-40CA-43C6-A2E9-790B1FDFD198}.Debug|Any CPU.ActiveCfg = Debug|Any CPU
		{41F85FD5-40CA-43C6-A2E9-790B1FDFD198}.Debug|Any CPU.Build.0 = Debug|Any CPU
		{41F85FD5-40CA-43C6-A2E9-790B1FDFD198}.Release|Any CPU.ActiveCfg = Release|Any CPU
		{41F85FD5-40CA-43C6-A2E9-790B1FDFD198}.Release|Any CPU.Build.0 = Release|Any CPU
		{60CAB438-CC04-4209-8B28-D305799C0E43}.Debug|Any CPU.ActiveCfg = Debug|Any CPU
		{60CAB438-CC04-4209-8B28-D305799C0E43}.Debug|Any CPU.Build.0 = Debug|Any CPU
		{60CAB438-CC04-4209-8B28-D305799C0E43}.Release|Any CPU.ActiveCfg = Release|Any CPU
		{60CAB438-CC04-4209-8B28-D305799C0E43}.Release|Any CPU.Build.0 = Release|Any CPU
		{503CA49C-8462-4FD7-94E5-A75AC968EC6A}.Debug|Any CPU.ActiveCfg = Debug|Any CPU
		{503CA49C-8462-4FD7-94E5-A75AC968EC6A}.Debug|Any CPU.Build.0 = Debug|Any CPU
		{503CA49C-8462-4FD7-94E5-A75AC968EC6A}.Release|Any CPU.ActiveCfg = Release|Any CPU
		{503CA49C-8462-4FD7-94E5-A75AC968EC6A}.Release|Any CPU.Build.0 = Release|Any CPU
		{20EAC43D-0CFD-418A-BD83-B7CB07D97724}.Debug|Any CPU.ActiveCfg = Debug|Any CPU
		{20EAC43D-0CFD-418A-BD83-B7CB07D97724}.Debug|Any CPU.Build.0 = Debug|Any CPU
		{20EAC43D-0CFD-418A-BD83-B7CB07D97724}.Release|Any CPU.ActiveCfg = Release|Any CPU
		{20EAC43D-0CFD-418A-BD83-B7CB07D97724}.Release|Any CPU.Build.0 = Release|Any CPU
		{6188CDFC-8C40-4DE4-8789-C5F724FB66B0}.Debug|Any CPU.ActiveCfg = Debug|Any CPU
		{6188CDFC-8C40-4DE4-8789-C5F724FB66B0}.Debug|Any CPU.Build.0 = Debug|Any CPU
		{6188CDFC-8C40-4DE4-8789-C5F724FB66B0}.Release|Any CPU.ActiveCfg = Release|Any CPU
		{6188CDFC-8C40-4DE4-8789-C5F724FB66B0}.Release|Any CPU.Build.0 = Release|Any CPU
		{2A58DFBD-0ABB-4772-9540-FF48B95B6DA6}.Debug|Any CPU.ActiveCfg = Debug|Any CPU
		{2A58DFBD-0ABB-4772-9540-FF48B95B6DA6}.Debug|Any CPU.Build.0 = Debug|Any CPU
		{2A58DFBD-0ABB-4772-9540-FF48B95B6DA6}.Release|Any CPU.ActiveCfg = Release|Any CPU
		{2A58DFBD-0ABB-4772-9540-FF48B95B6DA6}.Release|Any CPU.Build.0 = Release|Any CPU
		{845ADB5A-812E-477F-AF06-15BCCA12372E}.Debug|Any CPU.ActiveCfg = Debug|Any CPU
		{845ADB5A-812E-477F-AF06-15BCCA12372E}.Debug|Any CPU.Build.0 = Debug|Any CPU
		{845ADB5A-812E-477F-AF06-15BCCA12372E}.Release|Any CPU.ActiveCfg = Release|Any CPU
		{845ADB5A-812E-477F-AF06-15BCCA12372E}.Release|Any CPU.Build.0 = Release|Any CPU
	EndGlobalSection
	GlobalSection(SolutionProperties) = preSolution
		HideSolutionNode = FALSE
	EndGlobalSection
	GlobalSection(ExtensibilityGlobals) = postSolution
		SolutionGuid = {3DF900B6-6AFB-4782-A4E6-1AE54F7CFC82}
	EndGlobalSection
EndGlobal
